
Microsoft Visual Studio Solution File, Format Version 12.00
# Visual Studio Version 16
VisualStudioVersion = 16.0.31129.286
MinimumVisualStudioVersion = 10.0.40219.1
Project("{FAE04EC0-301F-11D3-BF4B-00C04F79EFBC}") = "CmodConvert", "CmodConvert\CmodConvert.csproj", "{4C98BAAB-1AA9-419C-A4D6-1F617FCEBBA7}"
EndProject
Global
	GlobalSection(SolutionConfigurationPlatforms) = preSolution
		Debug|Any CPU = Debug|Any CPU
		Release|Any CPU = Release|Any CPU
	EndGlobalSection
	GlobalSection(ProjectConfigurationPlatforms) = postSolution
		{4C98BAAB-1AA9-419C-A4D6-1F617FCEBBA7}.Debug|Any CPU.ActiveCfg = Debug|Any CPU
		{4C98BAAB-1AA9-419C-A4D6-1F617FCEBBA7}.Debug|Any CPU.Build.0 = Debug|Any CPU
		{4C98BAAB-1AA9-419C-A4D6-1F617FCEBBA7}.Release|Any CPU.ActiveCfg = Release|Any CPU
		{4C98BAAB-1AA9-419C-A4D6-1F617FCEBBA7}.Release|Any CPU.Build.0 = Release|Any CPU
	EndGlobalSection
	GlobalSection(SolutionProperties) = preSolution
		HideSolutionNode = FALSE
	EndGlobalSection
	GlobalSection(ExtensibilityGlobals) = postSolution
		SolutionGuid = {42B248E2-04D0-44E1-8839-58633BF582BD}
	EndGlobalSection
EndGlobal
