
Microsoft Visual Studio Solution File, Format Version 12.00
# Visual Studio Version 16
VisualStudioVersion = 16.0.31129.286
MinimumVisualStudioVersion = 10.0.40219.1
Project("{9A19103F-16F7-4668-BE54-9A1E7A4F7556}") = "CmodConvert", "CmodConvert\CmodConvert.csproj", "{4C98BAAB-1AA9-419C-A4D6-1F617FCEBBA7}"
EndProject
Project("{2150E333-8FDC-42A3-9474-1A3956D46DE8}") = "Solution Items", "Solution Items", "{113FE7A1-D370-490B-84F5-8BB87F457B06}"
	ProjectSection(SolutionItems) = preProject
		.gitattributes = .gitattributes
		.gitignore = .gitignore
		LICENSE = LICENSE
		README.md = README.md
	EndProjectSection
EndProject
Project("{2150E333-8FDC-42A3-9474-1A3956D46DE8}") = "format", "format", "{0D856A18-5254-4CB9-A196-175CF750CA50}"
	ProjectSection(SolutionItems) = preProject
		format\cmod-binary.md = format\cmod-binary.md
	EndProjectSection
EndProject
Global
	GlobalSection(SolutionConfigurationPlatforms) = preSolution
		Debug|Any CPU = Debug|Any CPU
		Release|Any CPU = Release|Any CPU
	EndGlobalSection
	GlobalSection(ProjectConfigurationPlatforms) = postSolution
		{4C98BAAB-1AA9-419C-A4D6-1F617FCEBBA7}.Debug|Any CPU.ActiveCfg = Debug|Any CPU
		{4C98BAAB-1AA9-419C-A4D6-1F617FCEBBA7}.Debug|Any CPU.Build.0 = Debug|Any CPU
		{4C98BAAB-1AA9-419C-A4D6-1F617FCEBBA7}.Release|Any CPU.ActiveCfg = Release|Any CPU
		{4C98BAAB-1AA9-419C-A4D6-1F617FCEBBA7}.Release|Any CPU.Build.0 = Release|Any CPU
	EndGlobalSection
	GlobalSection(SolutionProperties) = preSolution
		HideSolutionNode = FALSE
	EndGlobalSection
	GlobalSection(NestedProjects) = preSolution
		{0D856A18-5254-4CB9-A196-175CF750CA50} = {113FE7A1-D370-490B-84F5-8BB87F457B06}
	EndGlobalSection
	GlobalSection(ExtensibilityGlobals) = postSolution
		SolutionGuid = {42B248E2-04D0-44E1-8839-58633BF582BD}
	EndGlobalSection
EndGlobal
